// !$*UTF8*$!
{
	archiveVersion = 1;
	classes = {
	};
	objectVersion = 46;
	objects = {

/* Begin PBXBuildFile section */
		2B2E0B58637A44888D08EBCF /* libPods-CountlyTests.a in Frameworks */ = {isa = PBXBuildFile; fileRef = 0EDA0CC028A14F0B86545E3D /* libPods-CountlyTests.a */; };
		D218F94718A3638400651FEC /* CountlyTestUtility.m in Sources */ = {isa = PBXBuildFile; fileRef = D218F94518A3632500651FEC /* CountlyTestUtility.m */; };
		D29F0F7318843A7D00D86472 /* Foundation.framework in Frameworks */ = {isa = PBXBuildFile; fileRef = D29F0F7218843A7D00D86472 /* Foundation.framework */; };
		D29F0F7518843A7D00D86472 /* CoreGraphics.framework in Frameworks */ = {isa = PBXBuildFile; fileRef = D29F0F7418843A7D00D86472 /* CoreGraphics.framework */; };
		D29F0F7718843A7D00D86472 /* UIKit.framework in Frameworks */ = {isa = PBXBuildFile; fileRef = D29F0F7618843A7D00D86472 /* UIKit.framework */; };
		D29F0F8C18843A7D00D86472 /* XCTest.framework in Frameworks */ = {isa = PBXBuildFile; fileRef = D29F0F8B18843A7D00D86472 /* XCTest.framework */; };
		D29F0F8D18843A7D00D86472 /* Foundation.framework in Frameworks */ = {isa = PBXBuildFile; fileRef = D29F0F7218843A7D00D86472 /* Foundation.framework */; };
		D29F0F8E18843A7D00D86472 /* UIKit.framework in Frameworks */ = {isa = PBXBuildFile; fileRef = D29F0F7618843A7D00D86472 /* UIKit.framework */; };
		D29F0FB318843AB300D86472 /* CountlyAppDelegate.m in Sources */ = {isa = PBXBuildFile; fileRef = D29F0FA518843AB300D86472 /* CountlyAppDelegate.m */; };
		D29F0FB518843AB300D86472 /* InfoPlist.strings in Resources */ = {isa = PBXBuildFile; fileRef = D29F0FA918843AB300D86472 /* InfoPlist.strings */; };
		D29F0FB618843AB300D86472 /* main.m in Sources */ = {isa = PBXBuildFile; fileRef = D29F0FAB18843AB300D86472 /* main.m */; };
		D29F0FB718843AB300D86472 /* Images.xcassets in Resources */ = {isa = PBXBuildFile; fileRef = D29F0FAD18843AB300D86472 /* Images.xcassets */; };
		D29F0FBA18843AB300D86472 /* InfoPlist.strings in Resources */ = {isa = PBXBuildFile; fileRef = D29F0FB118843AB300D86472 /* InfoPlist.strings */; };
		D29F0FBB18843AB900D86472 /* CountlyTests.m in Sources */ = {isa = PBXBuildFile; fileRef = D29F0FB018843AB300D86472 /* CountlyTests.m */; };
		D29F0FBE18843AD200D86472 /* Countly.m in Sources */ = {isa = PBXBuildFile; fileRef = D29F0FBD18843AD200D86472 /* Countly.m */; };
/* End PBXBuildFile section */

/* Begin PBXContainerItemProxy section */
		D29F0F8F18843A7D00D86472 /* PBXContainerItemProxy */ = {
			isa = PBXContainerItemProxy;
			containerPortal = D29F0F6718843A7D00D86472 /* Project object */;
			proxyType = 1;
			remoteGlobalIDString = D29F0F6E18843A7D00D86472;
			remoteInfo = Countly;
		};
/* End PBXContainerItemProxy section */

/* Begin PBXFileReference section */
		0EDA0CC028A14F0B86545E3D /* libPods-CountlyTests.a */ = {isa = PBXFileReference; explicitFileType = archive.ar; includeInIndex = 0; path = "libPods-CountlyTests.a"; sourceTree = BUILT_PRODUCTS_DIR; };
		B9422EAC66DA4655BD908FEC /* Pods-CountlyTests.xcconfig */ = {isa = PBXFileReference; includeInIndex = 1; lastKnownFileType = text.xcconfig; name = "Pods-CountlyTests.xcconfig"; path = "Pods/Pods-CountlyTests.xcconfig"; sourceTree = "<group>"; };
		D218F94418A3632500651FEC /* CountlyTestUtility.h */ = {isa = PBXFileReference; fileEncoding = 4; lastKnownFileType = sourcecode.c.h; path = CountlyTestUtility.h; sourceTree = "<group>"; };
		D218F94518A3632500651FEC /* CountlyTestUtility.m */ = {isa = PBXFileReference; fileEncoding = 4; lastKnownFileType = sourcecode.c.objc; path = CountlyTestUtility.m; sourceTree = "<group>"; };
		D29F0F6F18843A7D00D86472 /* Countly.app */ = {isa = PBXFileReference; explicitFileType = wrapper.application; includeInIndex = 0; path = Countly.app; sourceTree = BUILT_PRODUCTS_DIR; };
		D29F0F7218843A7D00D86472 /* Foundation.framework */ = {isa = PBXFileReference; lastKnownFileType = wrapper.framework; name = Foundation.framework; path = System/Library/Frameworks/Foundation.framework; sourceTree = SDKROOT; };
		D29F0F7418843A7D00D86472 /* CoreGraphics.framework */ = {isa = PBXFileReference; lastKnownFileType = wrapper.framework; name = CoreGraphics.framework; path = System/Library/Frameworks/CoreGraphics.framework; sourceTree = SDKROOT; };
		D29F0F7618843A7D00D86472 /* UIKit.framework */ = {isa = PBXFileReference; lastKnownFileType = wrapper.framework; name = UIKit.framework; path = System/Library/Frameworks/UIKit.framework; sourceTree = SDKROOT; };
		D29F0F8A18843A7D00D86472 /* CountlyTests.xctest */ = {isa = PBXFileReference; explicitFileType = wrapper.cfbundle; includeInIndex = 0; path = CountlyTests.xctest; sourceTree = BUILT_PRODUCTS_DIR; };
		D29F0F8B18843A7D00D86472 /* XCTest.framework */ = {isa = PBXFileReference; lastKnownFileType = wrapper.framework; name = XCTest.framework; path = Library/Frameworks/XCTest.framework; sourceTree = DEVELOPER_DIR; };
		D29F0FA418843AB300D86472 /* CountlyAppDelegate.h */ = {isa = PBXFileReference; fileEncoding = 4; lastKnownFileType = sourcecode.c.h; path = CountlyAppDelegate.h; sourceTree = "<group>"; };
		D29F0FA518843AB300D86472 /* CountlyAppDelegate.m */ = {isa = PBXFileReference; fileEncoding = 4; lastKnownFileType = sourcecode.c.objc; path = CountlyAppDelegate.m; sourceTree = "<group>"; };
		D29F0FA718843AB300D86472 /* Countly-Info.plist */ = {isa = PBXFileReference; fileEncoding = 4; lastKnownFileType = text.plist.xml; path = "Countly-Info.plist"; sourceTree = "<group>"; };
		D29F0FA818843AB300D86472 /* Countly-Prefix.pch */ = {isa = PBXFileReference; fileEncoding = 4; lastKnownFileType = sourcecode.c.h; path = "Countly-Prefix.pch"; sourceTree = "<group>"; };
		D29F0FAA18843AB300D86472 /* en */ = {isa = PBXFileReference; lastKnownFileType = text.plist.strings; name = en; path = en.lproj/InfoPlist.strings; sourceTree = "<group>"; };
		D29F0FAB18843AB300D86472 /* main.m */ = {isa = PBXFileReference; fileEncoding = 4; lastKnownFileType = sourcecode.c.objc; path = main.m; sourceTree = "<group>"; };
		D29F0FAD18843AB300D86472 /* Images.xcassets */ = {isa = PBXFileReference; lastKnownFileType = folder.assetcatalog; path = Images.xcassets; sourceTree = "<group>"; };
		D29F0FAF18843AB300D86472 /* CountlyTests-Info.plist */ = {isa = PBXFileReference; fileEncoding = 4; lastKnownFileType = text.plist.xml; path = "CountlyTests-Info.plist"; sourceTree = "<group>"; };
		D29F0FB018843AB300D86472 /* CountlyTests.m */ = {isa = PBXFileReference; fileEncoding = 4; lastKnownFileType = sourcecode.c.objc; path = CountlyTests.m; sourceTree = "<group>"; };
		D29F0FB218843AB300D86472 /* en */ = {isa = PBXFileReference; lastKnownFileType = text.plist.strings; name = en; path = en.lproj/InfoPlist.strings; sourceTree = "<group>"; };
		D29F0FBC18843AD200D86472 /* Countly.h */ = {isa = PBXFileReference; fileEncoding = 4; lastKnownFileType = sourcecode.c.h; path = Countly.h; sourceTree = "<group>"; };
		D29F0FBD18843AD200D86472 /* Countly.m */ = {isa = PBXFileReference; fileEncoding = 4; lastKnownFileType = sourcecode.c.objc; path = Countly.m; sourceTree = "<group>"; };
/* End PBXFileReference section */

/* Begin PBXFrameworksBuildPhase section */
		D29F0F6C18843A7D00D86472 /* Frameworks */ = {
			isa = PBXFrameworksBuildPhase;
			buildActionMask = 2147483647;
			files = (
				D29F0F7518843A7D00D86472 /* CoreGraphics.framework in Frameworks */,
				D29F0F7718843A7D00D86472 /* UIKit.framework in Frameworks */,
				D29F0F7318843A7D00D86472 /* Foundation.framework in Frameworks */,
			);
			runOnlyForDeploymentPostprocessing = 0;
		};
		D29F0F8718843A7D00D86472 /* Frameworks */ = {
			isa = PBXFrameworksBuildPhase;
			buildActionMask = 2147483647;
			files = (
				D29F0F8C18843A7D00D86472 /* XCTest.framework in Frameworks */,
				D29F0F8E18843A7D00D86472 /* UIKit.framework in Frameworks */,
				D29F0F8D18843A7D00D86472 /* Foundation.framework in Frameworks */,
				2B2E0B58637A44888D08EBCF /* libPods-CountlyTests.a in Frameworks */,
			);
			runOnlyForDeploymentPostprocessing = 0;
		};
/* End PBXFrameworksBuildPhase section */

/* Begin PBXGroup section */
		D29F0F6618843A7D00D86472 = {
			isa = PBXGroup;
			children = (
				D29F0FA118843AB300D86472 /* Countly */,
				D29F0FA218843AB300D86472 /* Example */,
				D29F0FAE18843AB300D86472 /* Tests */,
				D29F0F7118843A7D00D86472 /* Frameworks */,
				D29F0F7018843A7D00D86472 /* Products */,
				B9422EAC66DA4655BD908FEC /* Pods-CountlyTests.xcconfig */,
			);
			sourceTree = "<group>";
		};
		D29F0F7018843A7D00D86472 /* Products */ = {
			isa = PBXGroup;
			children = (
				D29F0F6F18843A7D00D86472 /* Countly.app */,
				D29F0F8A18843A7D00D86472 /* CountlyTests.xctest */,
			);
			name = Products;
			sourceTree = "<group>";
		};
		D29F0F7118843A7D00D86472 /* Frameworks */ = {
			isa = PBXGroup;
			children = (
				D29F0F7218843A7D00D86472 /* Foundation.framework */,
				D29F0F7418843A7D00D86472 /* CoreGraphics.framework */,
				D29F0F7618843A7D00D86472 /* UIKit.framework */,
				D29F0F8B18843A7D00D86472 /* XCTest.framework */,
				0EDA0CC028A14F0B86545E3D /* libPods-CountlyTests.a */,
			);
			name = Frameworks;
			sourceTree = "<group>";
		};
		D29F0FA118843AB300D86472 /* Countly */ = {
			isa = PBXGroup;
			children = (
				D29F0FBC18843AD200D86472 /* Countly.h */,
				D29F0FBD18843AD200D86472 /* Countly.m */,
			);
			path = Countly;
			sourceTree = "<group>";
		};
		D29F0FA218843AB300D86472 /* Example */ = {
			isa = PBXGroup;
			children = (
				D29F0FA318843AB300D86472 /* Classes */,
				D29F0FA618843AB300D86472 /* Other Sources */,
				D29F0FAC18843AB300D86472 /* Resources */,
			);
			path = Example;
			sourceTree = "<group>";
		};
		D29F0FA318843AB300D86472 /* Classes */ = {
			isa = PBXGroup;
			children = (
				D29F0FA418843AB300D86472 /* CountlyAppDelegate.h */,
				D29F0FA518843AB300D86472 /* CountlyAppDelegate.m */,
			);
			path = Classes;
			sourceTree = "<group>";
		};
		D29F0FA618843AB300D86472 /* Other Sources */ = {
			isa = PBXGroup;
			children = (
				D29F0FA718843AB300D86472 /* Countly-Info.plist */,
				D29F0FA818843AB300D86472 /* Countly-Prefix.pch */,
				D29F0FA918843AB300D86472 /* InfoPlist.strings */,
				D29F0FAB18843AB300D86472 /* main.m */,
			);
			path = "Other Sources";
			sourceTree = "<group>";
		};
		D29F0FAC18843AB300D86472 /* Resources */ = {
			isa = PBXGroup;
			children = (
				D29F0FAD18843AB300D86472 /* Images.xcassets */,
			);
			path = Resources;
			sourceTree = "<group>";
		};
		D29F0FAE18843AB300D86472 /* Tests */ = {
			isa = PBXGroup;
			children = (
				D29F0FAF18843AB300D86472 /* CountlyTests-Info.plist */,
				D29F0FB118843AB300D86472 /* InfoPlist.strings */,
				D29F0FB018843AB300D86472 /* CountlyTests.m */,
				D218F94418A3632500651FEC /* CountlyTestUtility.h */,
				D218F94518A3632500651FEC /* CountlyTestUtility.m */,
			);
			path = Tests;
			sourceTree = "<group>";
		};
/* End PBXGroup section */

/* Begin PBXNativeTarget section */
		D29F0F6E18843A7D00D86472 /* Countly */ = {
			isa = PBXNativeTarget;
			buildConfigurationList = D29F0F9B18843A7D00D86472 /* Build configuration list for PBXNativeTarget "Countly" */;
			buildPhases = (
				D29F0F6B18843A7D00D86472 /* Sources */,
				D29F0F6C18843A7D00D86472 /* Frameworks */,
				D29F0F6D18843A7D00D86472 /* Resources */,
			);
			buildRules = (
			);
			dependencies = (
			);
			name = Countly;
			productName = Countly;
			productReference = D29F0F6F18843A7D00D86472 /* Countly.app */;
			productType = "com.apple.product-type.application";
		};
		D29F0F8918843A7D00D86472 /* CountlyTests */ = {
			isa = PBXNativeTarget;
			buildConfigurationList = D29F0F9E18843A7D00D86472 /* Build configuration list for PBXNativeTarget "CountlyTests" */;
			buildPhases = (
				F04523BE5A554EA09D305037 /* Check Pods Manifest.lock */,
				D29F0F8618843A7D00D86472 /* Sources */,
				D29F0F8718843A7D00D86472 /* Frameworks */,
				D29F0F8818843A7D00D86472 /* Resources */,
				03BE753B92A24A958F896BAC /* Copy Pods Resources */,
			);
			buildRules = (
			);
			dependencies = (
				D29F0F9018843A7D00D86472 /* PBXTargetDependency */,
			);
			name = CountlyTests;
			productName = CountlyTests;
			productReference = D29F0F8A18843A7D00D86472 /* CountlyTests.xctest */;
			productType = "com.apple.product-type.bundle.unit-test";
		};
/* End PBXNativeTarget section */

/* Begin PBXProject section */
		D29F0F6718843A7D00D86472 /* Project object */ = {
			isa = PBXProject;
			attributes = {
				CLASSPREFIX = Countly;
				LastUpgradeCheck = 0500;
				ORGANIZATIONNAME = "Scott Petit";
				TargetAttributes = {
					D29F0F8918843A7D00D86472 = {
						TestTargetID = D29F0F6E18843A7D00D86472;
					};
				};
			};
			buildConfigurationList = D29F0F6A18843A7D00D86472 /* Build configuration list for PBXProject "Countly" */;
			compatibilityVersion = "Xcode 3.2";
			developmentRegion = English;
			hasScannedForEncodings = 0;
			knownRegions = (
				en,
			);
			mainGroup = D29F0F6618843A7D00D86472;
			productRefGroup = D29F0F7018843A7D00D86472 /* Products */;
			projectDirPath = "";
			projectRoot = "";
			targets = (
				D29F0F6E18843A7D00D86472 /* Countly */,
				D29F0F8918843A7D00D86472 /* CountlyTests */,
			);
		};
/* End PBXProject section */

/* Begin PBXResourcesBuildPhase section */
		D29F0F6D18843A7D00D86472 /* Resources */ = {
			isa = PBXResourcesBuildPhase;
			buildActionMask = 2147483647;
			files = (
				D29F0FB718843AB300D86472 /* Images.xcassets in Resources */,
				D29F0FB518843AB300D86472 /* InfoPlist.strings in Resources */,
				D29F0FBA18843AB300D86472 /* InfoPlist.strings in Resources */,
			);
			runOnlyForDeploymentPostprocessing = 0;
		};
		D29F0F8818843A7D00D86472 /* Resources */ = {
			isa = PBXResourcesBuildPhase;
			buildActionMask = 2147483647;
			files = (
			);
			runOnlyForDeploymentPostprocessing = 0;
		};
/* End PBXResourcesBuildPhase section */

/* Begin PBXShellScriptBuildPhase section */
		03BE753B92A24A958F896BAC /* Copy Pods Resources */ = {
			isa = PBXShellScriptBuildPhase;
			buildActionMask = 2147483647;
			files = (
			);
			inputPaths = (
			);
			name = "Copy Pods Resources";
			outputPaths = (
			);
			runOnlyForDeploymentPostprocessing = 0;
			shellPath = /bin/sh;
			shellScript = "\"${SRCROOT}/Pods/Pods-CountlyTests-resources.sh\"\n";
			showEnvVarsInLog = 0;
		};
		F04523BE5A554EA09D305037 /* Check Pods Manifest.lock */ = {
			isa = PBXShellScriptBuildPhase;
			buildActionMask = 2147483647;
			files = (
			);
			inputPaths = (
			);
			name = "Check Pods Manifest.lock";
			outputPaths = (
			);
			runOnlyForDeploymentPostprocessing = 0;
			shellPath = /bin/sh;
			shellScript = "diff \"${PODS_ROOT}/../Podfile.lock\" \"${PODS_ROOT}/Manifest.lock\" > /dev/null\nif [[ $? != 0 ]] ; then\n    cat << EOM\nerror: The sandbox is not in sync with the Podfile.lock. Run 'pod install' or update your CocoaPods installation.\nEOM\n    exit 1\nfi\n";
			showEnvVarsInLog = 0;
		};
/* End PBXShellScriptBuildPhase section */

/* Begin PBXSourcesBuildPhase section */
		D29F0F6B18843A7D00D86472 /* Sources */ = {
			isa = PBXSourcesBuildPhase;
			buildActionMask = 2147483647;
			files = (
				D29F0FB618843AB300D86472 /* main.m in Sources */,
				D29F0FBE18843AD200D86472 /* Countly.m in Sources */,
				D29F0FB318843AB300D86472 /* CountlyAppDelegate.m in Sources */,
			);
			runOnlyForDeploymentPostprocessing = 0;
		};
		D29F0F8618843A7D00D86472 /* Sources */ = {
			isa = PBXSourcesBuildPhase;
			buildActionMask = 2147483647;
			files = (
				D29F0FBB18843AB900D86472 /* CountlyTests.m in Sources */,
				D218F94718A3638400651FEC /* CountlyTestUtility.m in Sources */,
			);
			runOnlyForDeploymentPostprocessing = 0;
		};
/* End PBXSourcesBuildPhase section */

/* Begin PBXTargetDependency section */
		D29F0F9018843A7D00D86472 /* PBXTargetDependency */ = {
			isa = PBXTargetDependency;
			target = D29F0F6E18843A7D00D86472 /* Countly */;
			targetProxy = D29F0F8F18843A7D00D86472 /* PBXContainerItemProxy */;
		};
/* End PBXTargetDependency section */

/* Begin PBXVariantGroup section */
		D29F0FA918843AB300D86472 /* InfoPlist.strings */ = {
			isa = PBXVariantGroup;
			children = (
				D29F0FAA18843AB300D86472 /* en */,
			);
			name = InfoPlist.strings;
			sourceTree = "<group>";
		};
		D29F0FB118843AB300D86472 /* InfoPlist.strings */ = {
			isa = PBXVariantGroup;
			children = (
				D29F0FB218843AB300D86472 /* en */,
			);
			name = InfoPlist.strings;
			sourceTree = "<group>";
		};
/* End PBXVariantGroup section */

/* Begin XCBuildConfiguration section */
		D29F0F9918843A7D00D86472 /* Debug */ = {
			isa = XCBuildConfiguration;
			buildSettings = {
				ALWAYS_SEARCH_USER_PATHS = NO;
				ARCHS = "$(ARCHS_STANDARD_INCLUDING_64_BIT)";
				CLANG_CXX_LANGUAGE_STANDARD = "gnu++0x";
				CLANG_CXX_LIBRARY = "libc++";
				CLANG_ENABLE_MODULES = YES;
				CLANG_ENABLE_OBJC_ARC = YES;
				CLANG_WARN_BOOL_CONVERSION = YES;
				CLANG_WARN_CONSTANT_CONVERSION = YES;
				CLANG_WARN_DIRECT_OBJC_ISA_USAGE = YES_ERROR;
				CLANG_WARN_EMPTY_BODY = YES;
				CLANG_WARN_ENUM_CONVERSION = YES;
				CLANG_WARN_INT_CONVERSION = YES;
				CLANG_WARN_OBJC_ROOT_CLASS = YES_ERROR;
				CLANG_WARN__DUPLICATE_METHOD_MATCH = YES;
				"CODE_SIGN_IDENTITY[sdk=iphoneos*]" = "iPhone Developer";
				COPY_PHASE_STRIP = NO;
				GCC_C_LANGUAGE_STANDARD = gnu99;
				GCC_DYNAMIC_NO_PIC = NO;
				GCC_OPTIMIZATION_LEVEL = 0;
				GCC_PREPROCESSOR_DEFINITIONS = (
					"DEBUG=1",
					"$(inherited)",
				);
				GCC_SYMBOLS_PRIVATE_EXTERN = NO;
				GCC_WARN_64_TO_32_BIT_CONVERSION = YES;
				GCC_WARN_ABOUT_RETURN_TYPE = YES_ERROR;
				GCC_WARN_UNDECLARED_SELECTOR = YES;
				GCC_WARN_UNINITIALIZED_AUTOS = YES;
				GCC_WARN_UNUSED_FUNCTION = YES;
				GCC_WARN_UNUSED_VARIABLE = YES;
				IPHONEOS_DEPLOYMENT_TARGET = 7.0;
				ONLY_ACTIVE_ARCH = YES;
				SDKROOT = iphoneos;
			};
			name = Debug;
		};
		D29F0F9A18843A7D00D86472 /* Release */ = {
			isa = XCBuildConfiguration;
			buildSettings = {
				ALWAYS_SEARCH_USER_PATHS = NO;
				ARCHS = "$(ARCHS_STANDARD_INCLUDING_64_BIT)";
				CLANG_CXX_LANGUAGE_STANDARD = "gnu++0x";
				CLANG_CXX_LIBRARY = "libc++";
				CLANG_ENABLE_MODULES = YES;
				CLANG_ENABLE_OBJC_ARC = YES;
				CLANG_WARN_BOOL_CONVERSION = YES;
				CLANG_WARN_CONSTANT_CONVERSION = YES;
				CLANG_WARN_DIRECT_OBJC_ISA_USAGE = YES_ERROR;
				CLANG_WARN_EMPTY_BODY = YES;
				CLANG_WARN_ENUM_CONVERSION = YES;
				CLANG_WARN_INT_CONVERSION = YES;
				CLANG_WARN_OBJC_ROOT_CLASS = YES_ERROR;
				CLANG_WARN__DUPLICATE_METHOD_MATCH = YES;
				"CODE_SIGN_IDENTITY[sdk=iphoneos*]" = "iPhone Developer";
				COPY_PHASE_STRIP = YES;
				ENABLE_NS_ASSERTIONS = NO;
				GCC_C_LANGUAGE_STANDARD = gnu99;
				GCC_WARN_64_TO_32_BIT_CONVERSION = YES;
				GCC_WARN_ABOUT_RETURN_TYPE = YES_ERROR;
				GCC_WARN_UNDECLARED_SELECTOR = YES;
				GCC_WARN_UNINITIALIZED_AUTOS = YES;
				GCC_WARN_UNUSED_FUNCTION = YES;
				GCC_WARN_UNUSED_VARIABLE = YES;
				IPHONEOS_DEPLOYMENT_TARGET = 7.0;
				SDKROOT = iphoneos;
				VALIDATE_PRODUCT = YES;
			};
			name = Release;
		};
		D29F0F9C18843A7D00D86472 /* Debug */ = {
			isa = XCBuildConfiguration;
			buildSettings = {
				ASSETCATALOG_COMPILER_APPICON_NAME = AppIcon;
				ASSETCATALOG_COMPILER_LAUNCHIMAGE_NAME = LaunchImage;
				GCC_PRECOMPILE_PREFIX_HEADER = YES;
				GCC_PREFIX_HEADER = "Example/Other Sources/Countly-Prefix.pch";
				INFOPLIST_FILE = "$(SRCROOT)/Example/Other Sources/Countly-Info.plist";
				PRODUCT_NAME = "$(TARGET_NAME)";
				WRAPPER_EXTENSION = app;
			};
			name = Debug;
		};
		D29F0F9D18843A7D00D86472 /* Release */ = {
			isa = XCBuildConfiguration;
			buildSettings = {
				ASSETCATALOG_COMPILER_APPICON_NAME = AppIcon;
				ASSETCATALOG_COMPILER_LAUNCHIMAGE_NAME = LaunchImage;
				GCC_PRECOMPILE_PREFIX_HEADER = YES;
				GCC_PREFIX_HEADER = "Example/Other Sources/Countly-Prefix.pch";
				INFOPLIST_FILE = "$(SRCROOT)/Example/Other Sources/Countly-Info.plist";
				PRODUCT_NAME = "$(TARGET_NAME)";
				WRAPPER_EXTENSION = app;
			};
			name = Release;
		};
		D29F0F9F18843A7D00D86472 /* Debug */ = {
			isa = XCBuildConfiguration;
			baseConfigurationReference = B9422EAC66DA4655BD908FEC /* Pods-CountlyTests.xcconfig */;
			buildSettings = {
				ARCHS = "$(ARCHS_STANDARD_INCLUDING_64_BIT)";
				BUNDLE_LOADER = "$(BUILT_PRODUCTS_DIR)/Countly.app/Countly";
				FRAMEWORK_SEARCH_PATHS = (
					"$(SDKROOT)/Developer/Library/Frameworks",
					"$(inherited)",
					"$(DEVELOPER_FRAMEWORKS_DIR)",
				);
				GCC_PRECOMPILE_PREFIX_HEADER = YES;
				GCC_PREFIX_HEADER = "Example/Other Sources/Countly-Prefix.pch";
				GCC_PREPROCESSOR_DEFINITIONS = (
					"DEBUG=1",
					"$(inherited)",
				);
				INFOPLIST_FILE = "Tests/CountlyTests-Info.plist";
				PRODUCT_NAME = "$(TARGET_NAME)";
				TEST_HOST = "$(BUNDLE_LOADER)";
				WRAPPER_EXTENSION = xctest;
			};
			name = Debug;
		};
		D29F0FA018843A7D00D86472 /* Release */ = {
			isa = XCBuildConfiguration;
			baseConfigurationReference = B9422EAC66DA4655BD908FEC /* Pods-CountlyTests.xcconfig */;
			buildSettings = {
				ARCHS = "$(ARCHS_STANDARD_INCLUDING_64_BIT)";
				BUNDLE_LOADER = "$(BUILT_PRODUCTS_DIR)/Countly.app/Countly";
				FRAMEWORK_SEARCH_PATHS = (
					"$(SDKROOT)/Developer/Library/Frameworks",
					"$(inherited)",
					"$(DEVELOPER_FRAMEWORKS_DIR)",
				);
				GCC_PRECOMPILE_PREFIX_HEADER = YES;
				GCC_PREFIX_HEADER = "Example/Other Sources/Countly-Prefix.pch";
				INFOPLIST_FILE = "Tests/CountlyTests-Info.plist";
				PRODUCT_NAME = "$(TARGET_NAME)";
				TEST_HOST = "$(BUNDLE_LOADER)";
				WRAPPER_EXTENSION = xctest;
			};
			name = Release;
		};
/* End XCBuildConfiguration section */

/* Begin XCConfigurationList section */
		D29F0F6A18843A7D00D86472 /* Build configuration list for PBXProject "Countly" */ = {
			isa = XCConfigurationList;
			buildConfigurations = (
				D29F0F9918843A7D00D86472 /* Debug */,
				D29F0F9A18843A7D00D86472 /* Release */,
			);
			defaultConfigurationIsVisible = 0;
			defaultConfigurationName = Release;
		};
		D29F0F9B18843A7D00D86472 /* Build configuration list for PBXNativeTarget "Countly" */ = {
			isa = XCConfigurationList;
			buildConfigurations = (
				D29F0F9C18843A7D00D86472 /* Debug */,
				D29F0F9D18843A7D00D86472 /* Release */,
			);
			defaultConfigurationIsVisible = 0;
			defaultConfigurationName = Release;
		};
		D29F0F9E18843A7D00D86472 /* Build configuration list for PBXNativeTarget "CountlyTests" */ = {
			isa = XCConfigurationList;
			buildConfigurations = (
				D29F0F9F18843A7D00D86472 /* Debug */,
				D29F0FA018843A7D00D86472 /* Release */,
			);
			defaultConfigurationIsVisible = 0;
			defaultConfigurationName = Release;
		};
/* End XCConfigurationList section */
	};
	rootObject = D29F0F6718843A7D00D86472 /* Project object */;
}
